
Microsoft Visual Studio Solution File, Format Version 12.00
# Visual Studio 15
VisualStudioVersion = 15.0.26124.0
MinimumVisualStudioVersion = 15.0.26124.0
Project("{2150E333-8FDC-42A3-9474-1A3956D46DE8}") = "src", "src", "{2F44BDAD-DF13-4B2E-897F-58E4247D65F6}"
EndProject
Project("{2150E333-8FDC-42A3-9474-1A3956D46DE8}") = "server", "server", "{ADACF961-FD86-4C1E-A593-439FC8E547D8}"
EndProject
Project("{2150E333-8FDC-42A3-9474-1A3956D46DE8}") = "nodejs", "nodejs", "{4CF57791-F182-403B-A4CB-E3AC27A4B5B8}"
EndProject
Project("{F2A71F9B-5D33-465A-A702-920D77279786}") = "Fibonacci", "src\server\nodejs\Fibonacci\Fibonacci.fsproj", "{9502F643-B6DD-4EF7-A8CD-4000D493AF8A}"
EndProject
Project("{F2A71F9B-5D33-465A-A702-920D77279786}") = "Functions", "src\server\dotnet\Functions.fsproj", "{B66F35AF-1FC1-4967-BE07-E0D4D9F9A82B}"
EndProject
Project("{2150E333-8FDC-42A3-9474-1A3956D46DE8}") = "client", "client", "{A1E626DC-4A35-4797-A99B-2869FA36BED6}"
EndProject
Project("{F2A71F9B-5D33-465A-A702-920D77279786}") = "FableApp", "src\client\FableApp\FableApp.fsproj", "{C7A463B2-E6FB-40BD-AC74-EB36CC2D3860}"
EndProject
Global
	GlobalSection(SolutionConfigurationPlatforms) = preSolution
		Debug|Any CPU = Debug|Any CPU
		Debug|x64 = Debug|x64
		Debug|x86 = Debug|x86
		Release|Any CPU = Release|Any CPU
		Release|x64 = Release|x64
		Release|x86 = Release|x86
	EndGlobalSection
	GlobalSection(SolutionProperties) = preSolution
		HideSolutionNode = FALSE
	EndGlobalSection
	GlobalSection(ProjectConfigurationPlatforms) = postSolution
		{9502F643-B6DD-4EF7-A8CD-4000D493AF8A}.Debug|Any CPU.ActiveCfg = Debug|Any CPU
		{9502F643-B6DD-4EF7-A8CD-4000D493AF8A}.Debug|Any CPU.Build.0 = Debug|Any CPU
		{9502F643-B6DD-4EF7-A8CD-4000D493AF8A}.Debug|x64.ActiveCfg = Debug|Any CPU
		{9502F643-B6DD-4EF7-A8CD-4000D493AF8A}.Debug|x64.Build.0 = Debug|Any CPU
		{9502F643-B6DD-4EF7-A8CD-4000D493AF8A}.Debug|x86.ActiveCfg = Debug|Any CPU
		{9502F643-B6DD-4EF7-A8CD-4000D493AF8A}.Debug|x86.Build.0 = Debug|Any CPU
		{9502F643-B6DD-4EF7-A8CD-4000D493AF8A}.Release|Any CPU.ActiveCfg = Release|Any CPU
		{9502F643-B6DD-4EF7-A8CD-4000D493AF8A}.Release|Any CPU.Build.0 = Release|Any CPU
		{9502F643-B6DD-4EF7-A8CD-4000D493AF8A}.Release|x64.ActiveCfg = Release|Any CPU
		{9502F643-B6DD-4EF7-A8CD-4000D493AF8A}.Release|x64.Build.0 = Release|Any CPU
		{9502F643-B6DD-4EF7-A8CD-4000D493AF8A}.Release|x86.ActiveCfg = Release|Any CPU
		{9502F643-B6DD-4EF7-A8CD-4000D493AF8A}.Release|x86.Build.0 = Release|Any CPU
		{B66F35AF-1FC1-4967-BE07-E0D4D9F9A82B}.Debug|Any CPU.ActiveCfg = Debug|Any CPU
		{B66F35AF-1FC1-4967-BE07-E0D4D9F9A82B}.Debug|Any CPU.Build.0 = Debug|Any CPU
		{B66F35AF-1FC1-4967-BE07-E0D4D9F9A82B}.Debug|x64.ActiveCfg = Debug|Any CPU
		{B66F35AF-1FC1-4967-BE07-E0D4D9F9A82B}.Debug|x64.Build.0 = Debug|Any CPU
		{B66F35AF-1FC1-4967-BE07-E0D4D9F9A82B}.Debug|x86.ActiveCfg = Debug|Any CPU
		{B66F35AF-1FC1-4967-BE07-E0D4D9F9A82B}.Debug|x86.Build.0 = Debug|Any CPU
		{B66F35AF-1FC1-4967-BE07-E0D4D9F9A82B}.Release|Any CPU.ActiveCfg = Release|Any CPU
		{B66F35AF-1FC1-4967-BE07-E0D4D9F9A82B}.Release|Any CPU.Build.0 = Release|Any CPU
		{B66F35AF-1FC1-4967-BE07-E0D4D9F9A82B}.Release|x64.ActiveCfg = Release|Any CPU
		{B66F35AF-1FC1-4967-BE07-E0D4D9F9A82B}.Release|x64.Build.0 = Release|Any CPU
		{B66F35AF-1FC1-4967-BE07-E0D4D9F9A82B}.Release|x86.ActiveCfg = Release|Any CPU
		{B66F35AF-1FC1-4967-BE07-E0D4D9F9A82B}.Release|x86.Build.0 = Release|Any CPU
		{C7A463B2-E6FB-40BD-AC74-EB36CC2D3860}.Debug|Any CPU.ActiveCfg = Debug|Any CPU
		{C7A463B2-E6FB-40BD-AC74-EB36CC2D3860}.Debug|Any CPU.Build.0 = Debug|Any CPU
		{C7A463B2-E6FB-40BD-AC74-EB36CC2D3860}.Debug|x64.ActiveCfg = Debug|Any CPU
		{C7A463B2-E6FB-40BD-AC74-EB36CC2D3860}.Debug|x64.Build.0 = Debug|Any CPU
		{C7A463B2-E6FB-40BD-AC74-EB36CC2D3860}.Debug|x86.ActiveCfg = Debug|Any CPU
		{C7A463B2-E6FB-40BD-AC74-EB36CC2D3860}.Debug|x86.Build.0 = Debug|Any CPU
		{C7A463B2-E6FB-40BD-AC74-EB36CC2D3860}.Release|Any CPU.ActiveCfg = Release|Any CPU
		{C7A463B2-E6FB-40BD-AC74-EB36CC2D3860}.Release|Any CPU.Build.0 = Release|Any CPU
		{C7A463B2-E6FB-40BD-AC74-EB36CC2D3860}.Release|x64.ActiveCfg = Release|Any CPU
		{C7A463B2-E6FB-40BD-AC74-EB36CC2D3860}.Release|x64.Build.0 = Release|Any CPU
		{C7A463B2-E6FB-40BD-AC74-EB36CC2D3860}.Release|x86.ActiveCfg = Release|Any CPU
		{C7A463B2-E6FB-40BD-AC74-EB36CC2D3860}.Release|x86.Build.0 = Release|Any CPU
	EndGlobalSection
	GlobalSection(NestedProjects) = preSolution
		{ADACF961-FD86-4C1E-A593-439FC8E547D8} = {2F44BDAD-DF13-4B2E-897F-58E4247D65F6}
		{4CF57791-F182-403B-A4CB-E3AC27A4B5B8} = {ADACF961-FD86-4C1E-A593-439FC8E547D8}
		{9502F643-B6DD-4EF7-A8CD-4000D493AF8A} = {4CF57791-F182-403B-A4CB-E3AC27A4B5B8}
		{B66F35AF-1FC1-4967-BE07-E0D4D9F9A82B} = {ADACF961-FD86-4C1E-A593-439FC8E547D8}
		{A1E626DC-4A35-4797-A99B-2869FA36BED6} = {2F44BDAD-DF13-4B2E-897F-58E4247D65F6}
		{C7A463B2-E6FB-40BD-AC74-EB36CC2D3860} = {A1E626DC-4A35-4797-A99B-2869FA36BED6}
	EndGlobalSection
EndGlobal
