{
  "name": "nodejs",
  "lockfileVersion": 2,
  "requires": true,
  "packages": {
    "": {
      "devDependencies": {
        "esbuild": "^0.8.50"
      }
    },
    "node_modules/esbuild": {
      "version": "0.8.50",
      "resolved": "https://registry.npmjs.org/esbuild/-/esbuild-0.8.50.tgz",
      "integrity": "sha512-oidFLXssA7IccYzkqLVZSqNJDwDq8Mh/vqvrW+3fPWM7iUiC5O2bCllhnO8+K9LlyL/2Z6n+WwRJAz9fqSIVRg==",
      "dev": true,
      "hasInstallScript": true,
      "bin": {
        "esbuild": "bin/esbuild"
      }
    }
  },
  "dependencies": {
    "esbuild": {
      "version": "0.8.50",
      "resolved": "https://registry.npmjs.org/esbuild/-/esbuild-0.8.50.tgz",
      "integrity": "sha512-oidFLXssA7IccYzkqLVZSqNJDwDq8Mh/vqvrW+3fPWM7iUiC5O2bCllhnO8+K9LlyL/2Z6n+WwRJAz9fqSIVRg==",
      "dev": true
    }
  }
}
